
Microsoft Visual Studio Solution File, Format Version 12.00
# Visual Studio Version 17
VisualStudioVersion = 17.4.33213.308
MinimumVisualStudioVersion = 10.0.40219.1
Project("{888888A0-9F3D-457C-B088-3A5042F75D52}") = "EmailSender", "EmailSender.pyproj", "{E3E5AD6B-7EBB-4BA8-B1EF-020AB622080B}"
EndProject
Global
	GlobalSection(SolutionConfigurationPlatforms) = preSolution
		Debug|Any CPU = Debug|Any CPU
		Release|Any CPU = Release|Any CPU
	EndGlobalSection
	GlobalSection(ProjectConfigurationPlatforms) = postSolution
		{E3E5AD6B-7EBB-4BA8-B1EF-020AB622080B}.Debug|Any CPU.ActiveCfg = Debug|Any CPU
		{E3E5AD6B-7EBB-4BA8-B1EF-020AB622080B}.Release|Any CPU.ActiveCfg = Release|Any CPU
	EndGlobalSection
	GlobalSection(SolutionProperties) = preSolution
		HideSolutionNode = FALSE
	EndGlobalSection
	GlobalSection(ExtensibilityGlobals) = postSolution
		SolutionGuid = {185F5F69-E3F7-403F-BFE3-1E031F4129AB}
	EndGlobalSection
EndGlobal
